
Microsoft Visual Studio Solution File, Format Version 12.00
# Visual Studio for Mac
Project("{FAE04EC0-301F-11D3-BF4B-00C04F79EFBC}") = "Assembly-CSharp", "Assembly-CSharp.csproj", "{1139853F-73F8-0949-FDA9-4A69203E00A2}"
EndProject
Global
	GlobalSection(SolutionConfigurationPlatforms) = preSolution
		Debug|Any CPU = Debug|Any CPU
		Release|Any CPU = Release|Any CPU
	EndGlobalSection
	GlobalSection(ProjectConfigurationPlatforms) = postSolution
		{1139853F-73F8-0949-FDA9-4A69203E00A2}.Debug|Any CPU.ActiveCfg = Debug|Any CPU
		{1139853F-73F8-0949-FDA9-4A69203E00A2}.Debug|Any CPU.Build.0 = Debug|Any CPU
		{1139853F-73F8-0949-FDA9-4A69203E00A2}.Release|Any CPU.ActiveCfg = Release|Any CPU
		{1139853F-73F8-0949-FDA9-4A69203E00A2}.Release|Any CPU.Build.0 = Release|Any CPU
	EndGlobalSection
	GlobalSection(SolutionProperties) = preSolution
		HideSolutionNode = FALSE
	EndGlobalSection
EndGlobal
